
Microsoft Visual Studio Solution File, Format Version 12.00
# Visual Studio 15
VisualStudioVersion = 15.0.28307.1231
MinimumVisualStudioVersion = 10.0.40219.1
Project("{FAE04EC0-301F-11D3-BF4B-00C04F79EFBC}") = "ResultsHandler", "ResultsHandler\ResultsHandler.csproj", "{7B832DA3-298F-4513-BB63-A7F6ECD02EA8}"
EndProject
Project("{FAE04EC0-301F-11D3-BF4B-00C04F79EFBC}") = "SpreadsheetTypechecker", "SpreadsheetTypechecker\SpreadsheetTypechecker.csproj", "{E06BF352-977B-4500-A6E4-D405501D25E7}"
EndProject
Global
	GlobalSection(SolutionConfigurationPlatforms) = preSolution
		Debug|Any CPU = Debug|Any CPU
		Release|Any CPU = Release|Any CPU
	EndGlobalSection
	GlobalSection(ProjectConfigurationPlatforms) = postSolution
		{7B832DA3-298F-4513-BB63-A7F6ECD02EA8}.Debug|Any CPU.ActiveCfg = Debug|Any CPU
		{7B832DA3-298F-4513-BB63-A7F6ECD02EA8}.Debug|Any CPU.Build.0 = Debug|Any CPU
		{7B832DA3-298F-4513-BB63-A7F6ECD02EA8}.Release|Any CPU.ActiveCfg = Release|Any CPU
		{7B832DA3-298F-4513-BB63-A7F6ECD02EA8}.Release|Any CPU.Build.0 = Release|Any CPU
		{E06BF352-977B-4500-A6E4-D405501D25E7}.Debug|Any CPU.ActiveCfg = Debug|Any CPU
		{E06BF352-977B-4500-A6E4-D405501D25E7}.Debug|Any CPU.Build.0 = Debug|Any CPU
		{E06BF352-977B-4500-A6E4-D405501D25E7}.Release|Any CPU.ActiveCfg = Release|Any CPU
		{E06BF352-977B-4500-A6E4-D405501D25E7}.Release|Any CPU.Build.0 = Release|Any CPU
	EndGlobalSection
	GlobalSection(SolutionProperties) = preSolution
		HideSolutionNode = FALSE
	EndGlobalSection
	GlobalSection(ExtensibilityGlobals) = postSolution
		SolutionGuid = {92F4D7DC-ACE5-4F34-8B9E-87002AC7E1F0}
	EndGlobalSection
EndGlobal
