
Microsoft Visual Studio Solution File, Format Version 12.00
# Visual Studio 15
VisualStudioVersion = 15.0.28307.1231
MinimumVisualStudioVersion = 10.0.40219.1
Project("{FAE04EC0-301F-11D3-BF4B-00C04F79EFBC}") = "ANTLR Test", "ANTLR Test.csproj", "{A7700AF6-A6ED-446E-975A-FE9A5B0BD7EC}"
EndProject
Global
	GlobalSection(SolutionConfigurationPlatforms) = preSolution
		Debug|Any CPU = Debug|Any CPU
		Release|Any CPU = Release|Any CPU
	EndGlobalSection
	GlobalSection(ProjectConfigurationPlatforms) = postSolution
		{A7700AF6-A6ED-446E-975A-FE9A5B0BD7EC}.Debug|Any CPU.ActiveCfg = Debug|Any CPU
		{A7700AF6-A6ED-446E-975A-FE9A5B0BD7EC}.Debug|Any CPU.Build.0 = Debug|Any CPU
		{A7700AF6-A6ED-446E-975A-FE9A5B0BD7EC}.Release|Any CPU.ActiveCfg = Release|Any CPU
		{A7700AF6-A6ED-446E-975A-FE9A5B0BD7EC}.Release|Any CPU.Build.0 = Release|Any CPU
	EndGlobalSection
	GlobalSection(SolutionProperties) = preSolution
		HideSolutionNode = FALSE
	EndGlobalSection
	GlobalSection(ExtensibilityGlobals) = postSolution
		SolutionGuid = {92F4D7DC-ACE5-4F34-8B9E-87002AC7E1F0}
	EndGlobalSection
EndGlobal
